# This file is automatically @generated by Cargo.
# It is not intended for manual editing.
version = 3

[[package]]
name = "axon-client"
version = "0.1.0"
dependencies = [
 "axon-tools-riscv",
 "axon-types",
 "ckb-ics-axon",
 "molecule",
 "rlp",
]

[[package]]
name = "axon-tools-riscv"
version = "0.1.1"
source = "registry+https://github.com/rust-lang/crates.io-index"
checksum = "35fb7658d295d9375998942dfd59ce6d7729d652a10da02833f7d98e0c75c009"
dependencies = [
 "bit-vec",
 "bytes",
 "ckb-blst",
 "ethereum-types",
 "rlp",
 "rlp-derive",
 "tiny-keccak",
]

[[package]]
name = "axon-types"
version = "0.1.0"
source = "git+https://github.com/axonweb3/axon-contract?rev=8c2338a#8c2338ad5a3b32f260b5da234536f2681bf7712b"
dependencies = [
 "molecule",
 "molecule2",
]

[[package]]
name = "bit-vec"
version = "0.6.3"
source = "registry+https://github.com/rust-lang/crates.io-index"
checksum = "349f9b6a179ed607305526ca489b34ad0a41aed5f7980fa90eb03160b69598fb"

[[package]]
name = "buddy-alloc"
version = "0.5.1"
source = "registry+https://github.com/rust-lang/crates.io-index"
checksum = "1f0d2da64a6a895d5a7e0724882825d50f83c13396b1b9f1878e19a024bab395"

[[package]]
name = "byteorder"
version = "1.4.3"
source = "registry+https://github.com/rust-lang/crates.io-index"
checksum = "14c189c53d098945499cdfa7ecc63567cf3886b3332b312a5b4585d8d3a6a610"

[[package]]
name = "bytes"
version = "1.4.0"
source = "registry+https://github.com/rust-lang/crates.io-index"
checksum = "89b2fd2a0dcf38d7971e2194b6b6eebab45ae01067456a7fd93d5547a61b70be"
dependencies = [
 "serde",
]

[[package]]
name = "cc"
version = "1.0.79"
source = "registry+https://github.com/rust-lang/crates.io-index"
checksum = "50d30906286121d95be3d479533b458f87493b30a4b5f79a607db8f5d11aa91f"

[[package]]
name = "cfg-if"
version = "1.0.0"
source = "registry+https://github.com/rust-lang/crates.io-index"
checksum = "baf1de4339761588bc0619e3cbc0120ee582ebb74b53b4efbf79117bd2da40fd"

[[package]]
name = "ckb-blst"
version = "0.100.0"
source = "registry+https://github.com/rust-lang/crates.io-index"
checksum = "23956c8f956fabab27aa20632fcefb1ab31f71544dab732c842064605932aea3"
dependencies = [
 "cc",
 "glob",
 "zeroize",
]

[[package]]
name = "ckb-ics-axon"
version = "0.1.0"
source = "git+https://github.com/synapseweb3/ckb-ics.git?rev=e57a669#e57a669663a4de283d92ce2f538c5cb001035f44"
dependencies = [
 "bytes",
 "ethereum-types",
 "rlp",
 "rlp-derive",
 "tiny-keccak",
]

[[package]]
name = "ckb-standalone-types"
version = "0.1.2"
source = "registry+https://github.com/rust-lang/crates.io-index"
checksum = "22d7cbbdab96e6b809a102cf88bfec28795a0a3c06bfdea4abe4de89777801cd"
dependencies = [
 "cfg-if",
 "molecule",
]

[[package]]
name = "ckb-std"
version = "0.13.0"
source = "registry+https://github.com/rust-lang/crates.io-index"
checksum = "9f54eab6dca547f2123a6d84c64da2414e5532263568e81899b9806ba21d7c8f"
dependencies = [
 "buddy-alloc",
 "cc",
 "ckb-standalone-types",
]

[[package]]
name = "crunchy"
version = "0.2.2"
source = "registry+https://github.com/rust-lang/crates.io-index"
checksum = "7a81dae078cea95a014a339291cec439d2f232ebe854a9d672b796c6afafa9b7"

[[package]]
name = "ethbloom"
version = "0.13.0"
source = "registry+https://github.com/rust-lang/crates.io-index"
checksum = "c22d4b5885b6aa2fe5e8b9329fb8d232bf739e434e6b87347c63bdd00c120f60"
dependencies = [
 "crunchy",
 "fixed-hash",
 "impl-rlp",
 "impl-serde",
 "tiny-keccak",
]

[[package]]
name = "ethereum-types"
version = "0.14.1"
source = "registry+https://github.com/rust-lang/crates.io-index"
checksum = "02d215cbf040552efcbe99a38372fe80ab9d00268e20012b79fcd0f073edd8ee"
dependencies = [
 "ethbloom",
 "fixed-hash",
 "impl-rlp",
 "impl-serde",
 "primitive-types",
 "uint",
]

[[package]]
name = "fixed-hash"
version = "0.8.0"
source = "registry+https://github.com/rust-lang/crates.io-index"
checksum = "835c052cb0c08c1acf6ffd71c022172e18723949c8282f2b9f27efbc51e64534"
dependencies = [
 "byteorder",
 "rustc-hex",
 "static_assertions",
]

[[package]]
name = "glob"
version = "0.3.1"
source = "registry+https://github.com/rust-lang/crates.io-index"
checksum = "d2fabcfbdc87f4758337ca535fb41a6d701b65693ce38287d856d1674551ec9b"

[[package]]
name = "hex"
version = "0.4.3"
source = "registry+https://github.com/rust-lang/crates.io-index"
checksum = "7f24254aa9a54b5c858eaee2f5bccdb46aaf0e486a595ed5fd8f86ba55232a70"

[[package]]
name = "ibc-ckb_contracts-ics-chan"
version = "0.1.0-alpha.0"
dependencies = [
 "axon-client",
 "ckb-ics-axon",
 "ckb-standalone-types",
 "ckb-std",
 "rlp",
 "tiny-keccak",
]

[[package]]
name = "impl-rlp"
version = "0.3.0"
source = "registry+https://github.com/rust-lang/crates.io-index"
checksum = "f28220f89297a075ddc7245cd538076ee98b01f2a9c23a53a4f1105d5a322808"
dependencies = [
 "rlp",
]

[[package]]
name = "impl-serde"
version = "0.4.0"
source = "registry+https://github.com/rust-lang/crates.io-index"
checksum = "ebc88fc67028ae3db0c853baa36269d398d5f45b6982f95549ff5def78c935cd"
dependencies = [
 "serde",
]

[[package]]
name = "molecule"
version = "0.7.5"
source = "registry+https://github.com/rust-lang/crates.io-index"
checksum = "d4fd9767ab5e5f2ea40f71ff4c8bdb633c50509052e093c2fdd0e390a749dfa3"
dependencies = [
 "cfg-if",
]

[[package]]
name = "molecule2"
version = "0.1.0"
source = "git+https://github.com/axonweb3/axon-contract?rev=8c2338a#8c2338ad5a3b32f260b5da234536f2681bf7712b"

[[package]]
name = "primitive-types"
version = "0.12.1"
source = "registry+https://github.com/rust-lang/crates.io-index"
checksum = "9f3486ccba82358b11a77516035647c34ba167dfa53312630de83b12bd4f3d66"
dependencies = [
 "fixed-hash",
 "impl-rlp",
 "impl-serde",
 "uint",
]

[[package]]
name = "proc-macro2"
version = "1.0.59"
source = "registry+https://github.com/rust-lang/crates.io-index"
checksum = "6aeca18b86b413c660b781aa319e4e2648a3e6f9eadc9b47e9038e6fe9f3451b"
dependencies = [
 "unicode-ident",
]

[[package]]
name = "quote"
version = "1.0.28"
source = "registry+https://github.com/rust-lang/crates.io-index"
checksum = "1b9ab9c7eadfd8df19006f1cf1a4aed13540ed5cbc047010ece5826e10825488"
dependencies = [
 "proc-macro2",
]

[[package]]
name = "rlp"
version = "0.5.2"
source = "registry+https://github.com/rust-lang/crates.io-index"
checksum = "bb919243f34364b6bd2fc10ef797edbfa75f33c252e7998527479c6d6b47e1ec"
dependencies = [
 "bytes",
 "rustc-hex",
]

[[package]]
name = "rlp-derive"
version = "0.1.0"
source = "registry+https://github.com/rust-lang/crates.io-index"
checksum = "e33d7b2abe0c340d8797fe2907d3f20d3b5ea5908683618bfe80df7f621f672a"
dependencies = [
 "proc-macro2",
 "quote",
 "syn 1.0.109",
]

[[package]]
name = "rustc-hex"
version = "2.1.0"
source = "registry+https://github.com/rust-lang/crates.io-index"
checksum = "3e75f6a532d0fd9f7f13144f392b6ad56a32696bfcd9c78f797f16bbb6f072d6"

[[package]]
name = "serde"
version = "1.0.163"
source = "registry+https://github.com/rust-lang/crates.io-index"
checksum = "2113ab51b87a539ae008b5c6c02dc020ffa39afd2d83cffcb3f4eb2722cebec2"

[[package]]
name = "static_assertions"
version = "1.1.0"
source = "registry+https://github.com/rust-lang/crates.io-index"
checksum = "a2eb9349b6444b326872e140eb1cf5e7c522154d69e7a0ffb0fb81c06b37543f"

[[package]]
name = "syn"
version = "1.0.109"
source = "registry+https://github.com/rust-lang/crates.io-index"
checksum = "72b64191b275b66ffe2469e8af2c1cfe3bafa67b529ead792a6d0160888b4237"
dependencies = [
 "proc-macro2",
 "quote",
 "unicode-ident",
]

[[package]]
name = "syn"
version = "2.0.18"
source = "registry+https://github.com/rust-lang/crates.io-index"
checksum = "32d41677bcbe24c20c52e7c70b0d8db04134c5d1066bf98662e2871ad200ea3e"
dependencies = [
 "proc-macro2",
 "quote",
 "unicode-ident",
]

[[package]]
name = "tiny-keccak"
version = "2.0.2"
source = "registry+https://github.com/rust-lang/crates.io-index"
checksum = "2c9d3793400a45f954c52e73d068316d76b6f4e36977e3fcebb13a2721e80237"
dependencies = [
 "crunchy",
]

[[package]]
name = "uint"
version = "0.9.5"
source = "registry+https://github.com/rust-lang/crates.io-index"
checksum = "76f64bba2c53b04fcab63c01a7d7427eadc821e3bc48c34dc9ba29c501164b52"
dependencies = [
 "byteorder",
 "crunchy",
 "hex",
 "static_assertions",
]

[[package]]
name = "unicode-ident"
version = "1.0.8"
source = "registry+https://github.com/rust-lang/crates.io-index"
checksum = "e5464a87b239f13a63a501f2701565754bae92d243d4bb7eb12f6d57d2269bf4"

[[package]]
name = "zeroize"
version = "1.6.0"
source = "registry+https://github.com/rust-lang/crates.io-index"
checksum = "2a0956f1ba7c7909bfb66c2e9e4124ab6f6482560f6628b5aaeba39207c9aad9"
dependencies = [
 "zeroize_derive",
]

[[package]]
name = "zeroize_derive"
version = "1.4.2"
source = "registry+https://github.com/rust-lang/crates.io-index"
checksum = "ce36e65b0d2999d2aafac989fb249189a141aee1f53c612c1f37d72631959f69"
dependencies = [
 "proc-macro2",
 "quote",
 "syn 2.0.18",
]
